
Microsoft Visual Studio Solution File, Format Version 12.00
# Visual Studio Version 17
VisualStudioVersion = 17.10.34928.147
MinimumVisualStudioVersion = 10.0.40219.1
Project("{9A19103F-16F7-4668-BE54-9A1E7A4F7556}") = "Merchanter", "Merchanter.csproj", "{F0085F2C-3CC7-4CEA-9E1B-B9DB11656874}"
EndProject
Project("{9A19103F-16F7-4668-BE54-9A1E7A4F7556}") = "MerchanterServer", "..\MerchanterServer\MerchanterServer.csproj", "{7D85DFDC-9964-4E14-B66D-911F68C907CC}"
EndProject
Project("{9A19103F-16F7-4668-BE54-9A1E7A4F7556}") = "MerchanterHelper", "..\MerchanterHelper\MerchanterHelper.csproj", "{247AA11D-A72E-4D70-8A10-EEBD257F4FC8}"
EndProject
Project("{9A19103F-16F7-4668-BE54-9A1E7A4F7556}") = "MerchanterApp.AppHost", "..\MerchanterApp\MerchanterApp.AppHost\MerchanterApp.AppHost.csproj", "{4E98A1A5-6B0A-4349-B76B-AAD2D82F43DC}"
EndProject
Project("{9A19103F-16F7-4668-BE54-9A1E7A4F7556}") = "MerchanterApp.ServiceDefaults", "..\MerchanterApp\MerchanterApp.ServiceDefaults\MerchanterApp.ServiceDefaults.csproj", "{1D67A9D2-6A3F-4B17-8E11-8EBD3C01F227}"
EndProject
Project("{9A19103F-16F7-4668-BE54-9A1E7A4F7556}") = "CMS", "..\MerchanterApp\CMS\CMS.csproj", "{22D1D136-C0F0-4664-8638-9F24C8D97F25}"
	ProjectSection(ProjectDependencies) = postProject
		{EDD0A50E-7F3B-4499-BBBB-394970002DFB} = {EDD0A50E-7F3B-4499-BBBB-394970002DFB}
	EndProjectSection
EndProject
Project("{FAE04EC0-301F-11D3-BF4B-00C04F79EFBC}") = "MerchanterApp.ServerService", "..\MerchanterApp\MerchanterApp.ServerService\MerchanterApp.ServerService.csproj", "{EDD0A50E-7F3B-4499-BBBB-394970002DFB}"
EndProject
Project("{2150E333-8FDC-42A3-9474-1A3956D46DE8}") = "Solution Items", "Solution Items", "{77E67DD4-00CC-4EA0-A69F-167559196E70}"
EndProject
Project("{FAE04EC0-301F-11D3-BF4B-00C04F79EFBC}") = "MerchanterFrontend", "..\MerchanterApp\MerchanterFrontend\MerchanterFrontend.csproj", "{580D507D-8F08-48F7-BA27-51E27194C8E4}"
EndProject
Project("{FAE04EC0-301F-11D3-BF4B-00C04F79EFBC}") = "ApiService", "..\ApiService\ApiService.csproj", "{2F33476A-7B7F-8A59-6D84-4F071CB5A999}"
EndProject
Global
	GlobalSection(SolutionConfigurationPlatforms) = preSolution
		Debug|Any CPU = Debug|Any CPU
		Release|Any CPU = Release|Any CPU
	EndGlobalSection
	GlobalSection(ProjectConfigurationPlatforms) = postSolution
		{F0085F2C-3CC7-4CEA-9E1B-B9DB11656874}.Debug|Any CPU.ActiveCfg = Debug|Any CPU
		{F0085F2C-3CC7-4CEA-9E1B-B9DB11656874}.Debug|Any CPU.Build.0 = Debug|Any CPU
		{F0085F2C-3CC7-4CEA-9E1B-B9DB11656874}.Release|Any CPU.ActiveCfg = Release|Any CPU
		{F0085F2C-3CC7-4CEA-9E1B-B9DB11656874}.Release|Any CPU.Build.0 = Release|Any CPU
		{7D85DFDC-9964-4E14-B66D-911F68C907CC}.Debug|Any CPU.ActiveCfg = Debug|Any CPU
		{7D85DFDC-9964-4E14-B66D-911F68C907CC}.Debug|Any CPU.Build.0 = Debug|Any CPU
		{7D85DFDC-9964-4E14-B66D-911F68C907CC}.Release|Any CPU.ActiveCfg = Release|Any CPU
		{7D85DFDC-9964-4E14-B66D-911F68C907CC}.Release|Any CPU.Build.0 = Release|Any CPU
		{247AA11D-A72E-4D70-8A10-EEBD257F4FC8}.Debug|Any CPU.ActiveCfg = Debug|Any CPU
		{247AA11D-A72E-4D70-8A10-EEBD257F4FC8}.Debug|Any CPU.Build.0 = Debug|Any CPU
		{247AA11D-A72E-4D70-8A10-EEBD257F4FC8}.Release|Any CPU.ActiveCfg = Release|Any CPU
		{247AA11D-A72E-4D70-8A10-EEBD257F4FC8}.Release|Any CPU.Build.0 = Release|Any CPU
		{4E98A1A5-6B0A-4349-B76B-AAD2D82F43DC}.Debug|Any CPU.ActiveCfg = Debug|Any CPU
		{4E98A1A5-6B0A-4349-B76B-AAD2D82F43DC}.Debug|Any CPU.Build.0 = Debug|Any CPU
		{4E98A1A5-6B0A-4349-B76B-AAD2D82F43DC}.Release|Any CPU.ActiveCfg = Release|Any CPU
		{4E98A1A5-6B0A-4349-B76B-AAD2D82F43DC}.Release|Any CPU.Build.0 = Release|Any CPU
		{1D67A9D2-6A3F-4B17-8E11-8EBD3C01F227}.Debug|Any CPU.ActiveCfg = Debug|Any CPU
		{1D67A9D2-6A3F-4B17-8E11-8EBD3C01F227}.Debug|Any CPU.Build.0 = Debug|Any CPU
		{1D67A9D2-6A3F-4B17-8E11-8EBD3C01F227}.Release|Any CPU.ActiveCfg = Release|Any CPU
		{1D67A9D2-6A3F-4B17-8E11-8EBD3C01F227}.Release|Any CPU.Build.0 = Release|Any CPU
		{22D1D136-C0F0-4664-8638-9F24C8D97F25}.Debug|Any CPU.ActiveCfg = Debug|Any CPU
		{22D1D136-C0F0-4664-8638-9F24C8D97F25}.Debug|Any CPU.Build.0 = Debug|Any CPU
		{22D1D136-C0F0-4664-8638-9F24C8D97F25}.Release|Any CPU.ActiveCfg = Release|Any CPU
		{22D1D136-C0F0-4664-8638-9F24C8D97F25}.Release|Any CPU.Build.0 = Release|Any CPU
		{EDD0A50E-7F3B-4499-BBBB-394970002DFB}.Debug|Any CPU.ActiveCfg = Debug|Any CPU
		{EDD0A50E-7F3B-4499-BBBB-394970002DFB}.Debug|Any CPU.Build.0 = Debug|Any CPU
		{EDD0A50E-7F3B-4499-BBBB-394970002DFB}.Release|Any CPU.ActiveCfg = Release|Any CPU
		{EDD0A50E-7F3B-4499-BBBB-394970002DFB}.Release|Any CPU.Build.0 = Release|Any CPU
		{580D507D-8F08-48F7-BA27-51E27194C8E4}.Debug|Any CPU.ActiveCfg = Debug|Any CPU
		{580D507D-8F08-48F7-BA27-51E27194C8E4}.Debug|Any CPU.Build.0 = Debug|Any CPU
		{580D507D-8F08-48F7-BA27-51E27194C8E4}.Release|Any CPU.ActiveCfg = Release|Any CPU
		{580D507D-8F08-48F7-BA27-51E27194C8E4}.Release|Any CPU.Build.0 = Release|Any CPU
		{2F33476A-7B7F-8A59-6D84-4F071CB5A999}.Debug|Any CPU.ActiveCfg = Debug|Any CPU
		{2F33476A-7B7F-8A59-6D84-4F071CB5A999}.Debug|Any CPU.Build.0 = Debug|Any CPU
		{2F33476A-7B7F-8A59-6D84-4F071CB5A999}.Release|Any CPU.ActiveCfg = Release|Any CPU
		{2F33476A-7B7F-8A59-6D84-4F071CB5A999}.Release|Any CPU.Build.0 = Release|Any CPU
	EndGlobalSection
	GlobalSection(SolutionProperties) = preSolution
		HideSolutionNode = FALSE
	EndGlobalSection
	GlobalSection(ExtensibilityGlobals) = postSolution
		SolutionGuid = {BE6CFB6C-950B-46D2-8BA1-04367BE16D29}
	EndGlobalSection
EndGlobal
